{
  "name": "@apple-jxa/reminders",
  "version": "0.0.0",
  "lockfileVersion": 2,
  "requires": true,
  "packages": {
    "": {
      "name": "@apple-jxa/reminders",
      "version": "0.0.0",
      "license": "ISC",
      "dependencies": {
        "@apple-jxa/types": "file:./../types"
      }
    },
    "../types": {
      "version": "0.0.0",
      "license": "ISC"
    },
    "node_modules/@apple-jxa/types": {
      "resolved": "../types",
      "link": true
    }
  },
  "dependencies": {
    "@apple-jxa/types": {
      "version": "file:../types"
    }
  }
}
