{
  "name": "@apple-jxa/google-chrome",
  "version": "0.0.2",
  "lockfileVersion": 1,
  "requires": true,
  "dependencies": {
    "@apple-jxa/cli": {
      "version": "0.0.1",
      "resolved": "https://registry.npmjs.org/@apple-jxa/cli/-/cli-0.0.1.tgz",
      "integrity": "sha512-PKmKihrPMlO87Xo/dcrHlbUpi4GBbwYa/VjHrmjE/uGrol/Smyh4Zigd7iAzKSiMJSr7dI8OhI43nBX01NiDPA==",
      "dev": true,
      "requires": {
        "commander": "^9.1.0",
        "xml-js": "^1.6.11"
      }
    },
    "@apple-jxa/types": {
      "version": "0.0.1",
      "resolved": "https://registry.npmjs.org/@apple-jxa/types/-/types-0.0.1.tgz",
      "integrity": "sha512-9oHumFKwExu7a+JudemgdG5jHYZD9UewyUeYyFJvlq7WWZDEkEmPM+5hT0PVj67xEcqxMBMdI4r9Gwao0MOcqA==",
      "dev": true
    },
    "commander": {
      "version": "9.1.0",
      "resolved": "https://registry.npmjs.org/commander/-/commander-9.1.0.tgz",
      "integrity": "sha512-i0/MaqBtdbnJ4XQs4Pmyb+oFQl+q0lsAmokVUH92SlSw4fkeAcG3bVon+Qt7hmtF+u3Het6o4VgrcY3qAoEB6w==",
      "dev": true
    },
    "sax": {
      "version": "1.2.4",
      "resolved": "https://registry.npmjs.org/sax/-/sax-1.2.4.tgz",
      "integrity": "sha512-NqVDv9TpANUjFm0N8uM5GxL36UgKi9/atZw+x7YFnQ8ckwFGKrl4xX4yWtrey3UJm5nP1kUbnYgLopqWNSRhWw==",
      "dev": true
    },
    "xml-js": {
      "version": "1.6.11",
      "resolved": "https://registry.npmjs.org/xml-js/-/xml-js-1.6.11.tgz",
      "integrity": "sha512-7rVi2KMfwfWFl+GpPg6m80IVMWXLRjO+PxTq7V2CDhoGak0wzYzFgUY2m4XJ47OGdXd8eLE8EmwfAmdjw7lC1g==",
      "dev": true,
      "requires": {
        "sax": "^1.2.4"
      }
    }
  }
}
